
Microsoft Visual Studio Solution File, Format Version 12.00
# Visual Studio 14
VisualStudioVersion = 14.0.25420.1
MinimumVisualStudioVersion = 10.0.40219.1
Project("{FAE04EC0-301F-11D3-BF4B-00C04F79EFBC}") = "DynamicOData", "DynamicOData\DynamicOData.csproj", "{C8BCBE8C-50D7-498C-9903-9382BD9CD190}"
EndProject
Project("{FAE04EC0-301F-11D3-BF4B-00C04F79EFBC}") = "DynamicOData.Test", "DynamicOData.Test\DynamicOData.Test.csproj", "{5B18E603-2DE1-4DB4-9FCB-9190E31BD9A0}"
EndProject
Project("{2150E333-8FDC-42A3-9474-1A3956D46DE8}") = "Solution Items", "Solution Items", "{FACAE4F7-64E6-4CCE-BB3A-D224B431D09F}"
	ProjectSection(SolutionItems) = preProject
		.gitignore = .gitignore
	EndProjectSection
EndProject
Global
	GlobalSection(SolutionConfigurationPlatforms) = preSolution
		Debug|Any CPU = Debug|Any CPU
		Release|Any CPU = Release|Any CPU
	EndGlobalSection
	GlobalSection(ProjectConfigurationPlatforms) = postSolution
		{C8BCBE8C-50D7-498C-9903-9382BD9CD190}.Debug|Any CPU.ActiveCfg = Debug|Any CPU
		{C8BCBE8C-50D7-498C-9903-9382BD9CD190}.Debug|Any CPU.Build.0 = Debug|Any CPU
		{C8BCBE8C-50D7-498C-9903-9382BD9CD190}.Release|Any CPU.ActiveCfg = Release|Any CPU
		{C8BCBE8C-50D7-498C-9903-9382BD9CD190}.Release|Any CPU.Build.0 = Release|Any CPU
		{5B18E603-2DE1-4DB4-9FCB-9190E31BD9A0}.Debug|Any CPU.ActiveCfg = Debug|Any CPU
		{5B18E603-2DE1-4DB4-9FCB-9190E31BD9A0}.Debug|Any CPU.Build.0 = Debug|Any CPU
		{5B18E603-2DE1-4DB4-9FCB-9190E31BD9A0}.Release|Any CPU.ActiveCfg = Release|Any CPU
		{5B18E603-2DE1-4DB4-9FCB-9190E31BD9A0}.Release|Any CPU.Build.0 = Release|Any CPU
	EndGlobalSection
	GlobalSection(SolutionProperties) = preSolution
		HideSolutionNode = FALSE
	EndGlobalSection
EndGlobal
